{
  "nodes": {
    "nixpkgs": {
      "locked": {
        "lastModified": 1602021666,
        "narHash": "sha256-YZhA5SCMnKJ/Ry0ZVW4CsYNEYCQFkS9fpyUlzzeN290=",
        "owner": "NixOS",
        "repo": "nixpkgs",
        "rev": "86e6adc799ef0dd9019002f623f733973b6e46dd",
        "type": "github"
      },
      "original": {
        "owner": "NixOS",
        "repo": "nixpkgs",
        "type": "github"
      }
    },
    "root": {
      "inputs": {
        "nixpkgs": "nixpkgs"
      }
    }
  },
  "root": "root",
  "version": 7
}
