{
  "nodes": {
    "nixpkgs": {
      "locked": {
        "lastModified": 1601127333,
        "narHash": "sha256-4ukg2HqWCNJN+lRiW++ps1e8bOyDE/7uAXlUYy9LccQ=",
        "owner": "NixOS",
        "repo": "nixpkgs",
        "rev": "360e2af4f876e2580de12d477a6167ed756ab65e",
        "type": "github"
      },
      "original": {
        "owner": "NixOS",
        "ref": "nixos-20.03",
        "repo": "nixpkgs",
        "type": "github"
      }
    },
    "root": {
      "inputs": {
        "nixpkgs": "nixpkgs"
      }
    }
  },
  "root": "root",
  "version": 7
}
