{
  "nodes": {
    "nixpkgs": {
      "locked": {
        "lastModified": 1596744033,
        "narHash": "sha256-3wTla42qZikhGqHgvsqYoLNABhCw0nH72qxxWoMVwAY=",
        "owner": "NixOS",
        "repo": "nixpkgs",
        "rev": "825c68c4ae72b5563ac63826795de25189fc274b",
        "type": "github"
      },
      "original": {
        "owner": "NixOS",
        "ref": "nixos-20.03",
        "repo": "nixpkgs",
        "type": "github"
      }
    },
    "root": {
      "inputs": {
        "nixpkgs": "nixpkgs"
      }
    }
  },
  "root": "root",
  "version": 7
}
